
Microsoft Visual Studio Solution File, Format Version 12.00
Project("{FAE04EC0-301F-11D3-BF4B-00C04F79EFBC}") = "EmuDev", "EmuDev\EmuDev.csproj", "{3A8521EE-37CD-4192-AA79-491FADA7B493}"
EndProject
Global
	GlobalSection(SolutionConfigurationPlatforms) = preSolution
		Debug|Any CPU = Debug|Any CPU
		Release|Any CPU = Release|Any CPU
	EndGlobalSection
	GlobalSection(ProjectConfigurationPlatforms) = postSolution
		{3A8521EE-37CD-4192-AA79-491FADA7B493}.Debug|Any CPU.ActiveCfg = Debug|Any CPU
		{3A8521EE-37CD-4192-AA79-491FADA7B493}.Debug|Any CPU.Build.0 = Debug|Any CPU
		{3A8521EE-37CD-4192-AA79-491FADA7B493}.Release|Any CPU.ActiveCfg = Release|Any CPU
		{3A8521EE-37CD-4192-AA79-491FADA7B493}.Release|Any CPU.Build.0 = Release|Any CPU
	EndGlobalSection
EndGlobal
